
Microsoft Visual Studio Solution File, Format Version 12.00
# Visual Studio Version 17
VisualStudioVersion = 17.2.32616.157
MinimumVisualStudioVersion = 10.0.40219.1
Project("{FAE04EC0-301F-11D3-BF4B-00C04F79EFBC}") = "microservice-map-info", "microservice-map-info\microservice-map-info.csproj", "{95401D5F-5726-44B6-877F-312C401933B6}"
EndProject
Project("{FAE04EC0-301F-11D3-BF4B-00C04F79EFBC}") = "GoogleMapInfo", "..\GoogleMapInfo\GoogleMapInfo.csproj", "{C7C674F7-6508-4FE7-8F13-43FF3DF7DA01}"
EndProject
Global
	GlobalSection(SolutionConfigurationPlatforms) = preSolution
		Debug|Any CPU = Debug|Any CPU
		Release|Any CPU = Release|Any CPU
	EndGlobalSection
	GlobalSection(ProjectConfigurationPlatforms) = postSolution
		{95401D5F-5726-44B6-877F-312C401933B6}.Debug|Any CPU.ActiveCfg = Debug|Any CPU
		{95401D5F-5726-44B6-877F-312C401933B6}.Debug|Any CPU.Build.0 = Debug|Any CPU
		{95401D5F-5726-44B6-877F-312C401933B6}.Release|Any CPU.ActiveCfg = Release|Any CPU
		{95401D5F-5726-44B6-877F-312C401933B6}.Release|Any CPU.Build.0 = Release|Any CPU
		{C7C674F7-6508-4FE7-8F13-43FF3DF7DA01}.Debug|Any CPU.ActiveCfg = Debug|Any CPU
		{C7C674F7-6508-4FE7-8F13-43FF3DF7DA01}.Debug|Any CPU.Build.0 = Debug|Any CPU
		{C7C674F7-6508-4FE7-8F13-43FF3DF7DA01}.Release|Any CPU.ActiveCfg = Release|Any CPU
		{C7C674F7-6508-4FE7-8F13-43FF3DF7DA01}.Release|Any CPU.Build.0 = Release|Any CPU
	EndGlobalSection
	GlobalSection(SolutionProperties) = preSolution
		HideSolutionNode = FALSE
	EndGlobalSection
	GlobalSection(ExtensibilityGlobals) = postSolution
		SolutionGuid = {A1329CAC-84BD-46DC-B2E1-AD9DC2FB189F}
	EndGlobalSection
EndGlobal
